<?xml version="1.0" encoding="utf-8"?>
<Project ToolsVersion="4.0" xmlns="http://schemas.microsoft.com/developer/msbuild/2003">
  <ItemGroup>
    <Filter Include="Quelldateien">
      <UniqueIdentifier>{4FC737F1-C7A5-4376-A066-2A32D752A2FF}</UniqueIdentifier>
      <Extensions>cpp;c;cc;cxx;c++;cppm;ixx;def;odl;idl;hpj;bat;asm;asmx</Extensions>
    </Filter>
    <Filter Include="Headerdateien">
      <UniqueIdentifier>{93995380-89BD-4b04-88EB-625FBE52EBFB}</UniqueIdentifier>
      <Extensions>h;hh;hpp;hxx;h++;hm;inl;inc;ipp;xsd</Extensions>
    </Filter>
    <Filter Include="Ressourcendateien">
      <UniqueIdentifier>{67DA6AB6-F800-4c08-8B7A-83BB121AAD01}</UniqueIdentifier>
      <Extensions>rc;ico;cur;bmp;dlg;rc2;rct;bin;rgs;gif;jpg;jpeg;jpe;resx;tiff;tif;png;wav;mfcribbon-ms</Extensions>
    </Filter>
    <Filter Include="Generierte Dateien">
      <UniqueIdentifier>{c43f5503-3848-438b-add4-4279af1800e6}</UniqueIdentifier>
      <SourceControlFiles>False</SourceControlFiles>
    </Filter>
    <Filter Include="Assembly Files">
      <UniqueIdentifier>{f3f6538e-c981-4c50-98fc-30a004cc03ad}</UniqueIdentifier>
    </Filter>
  </ItemGroup>
  <ItemGroup>
    <ClInclude Include="source\COMServer.h">
      <Filter>Headerdateien</Filter>
    </ClInclude>
    <ClInclude Include="source\framework.h">
      <Filter>Headerdateien</Filter>
    </ClInclude>
    <ClInclude Include="source\pch.h">
      <Filter>Headerdateien</Filter>
    </ClInclude>
    <ClInclude Include="source\Resource.h">
      <Filter>Headerdateien</Filter>
    </ClInclude>
    <ClInclude Include="source\targetver.h">
      <Filter>Headerdateien</Filter>
    </ClInclude>
    <ClInclude Include="source\xdlldata.h">
      <Filter>Headerdateien</Filter>
    </ClInclude>
    <ClInclude Include="source\ahkversion.h">
      <Filter>Headerdateien</Filter>
    </ClInclude>
    <ClInclude Include="source\application.h">
      <Filter>Headerdateien</Filter>
    </ClInclude>
    <ClInclude Include="source\clipboard.h">
      <Filter>Headerdateien</Filter>
    </ClInclude>
    <ClInclude Include="source\config.h">
      <Filter>Headerdateien</Filter>
    </ClInclude>
    <ClInclude Include="source\debug.h">
      <Filter>Headerdateien</Filter>
    </ClInclude>
    <ClInclude Include="source\Debugger.h">
      <Filter>Headerdateien</Filter>
    </ClInclude>
    <ClInclude Include="source\defines.h">
      <Filter>Headerdateien</Filter>
    </ClInclude>
    <ClInclude Include="source\exports.h">
      <Filter>Headerdateien</Filter>
    </ClInclude>
    <ClInclude Include="source\globaldata.h">
      <Filter>Headerdateien</Filter>
    </ClInclude>
    <ClInclude Include="source\hook.h">
      <Filter>Headerdateien</Filter>
    </ClInclude>
    <ClInclude Include="source\hotkey.h">
      <Filter>Headerdateien</Filter>
    </ClInclude>
    <ClInclude Include="source\input_object.h">
      <Filter>Headerdateien</Filter>
    </ClInclude>
    <ClInclude Include="source\keyboard_mouse.h">
      <Filter>Headerdateien</Filter>
    </ClInclude>
    <ClInclude Include="source\KuString.h">
      <Filter>Headerdateien</Filter>
    </ClInclude>
    <ClInclude Include="source\LiteZip.h">
      <Filter>Headerdateien</Filter>
    </ClInclude>
    <ClInclude Include="source\MemoryModule.h">
      <Filter>Headerdateien</Filter>
    </ClInclude>
    <ClInclude Include="source\MinHook.h">
      <Filter>Headerdateien</Filter>
    </ClInclude>
    <ClInclude Include="source\os_version.h">
      <Filter>Headerdateien</Filter>
    </ClInclude>
    <ClInclude Include="source\qmath.h">
      <Filter>Headerdateien</Filter>
    </ClInclude>
    <ClInclude Include="source\script.h">
      <Filter>Headerdateien</Filter>
    </ClInclude>
    <ClInclude Include="source\script_com.h">
      <Filter>Headerdateien</Filter>
    </ClInclude>
    <ClInclude Include="source\script_func_impl.h">
      <Filter>Headerdateien</Filter>
    </ClInclude>
    <ClInclude Include="source\script_object.h">
      <Filter>Headerdateien</Filter>
    </ClInclude>
    <ClInclude Include="source\SimpleHeap.h">
      <Filter>Headerdateien</Filter>
    </ClInclude>
    <ClInclude Include="source\StringConv.h">
      <Filter>Headerdateien</Filter>
    </ClInclude>
    <ClInclude Include="source\TextIO.h">
      <Filter>Headerdateien</Filter>
    </ClInclude>
    <ClInclude Include="source\util.h">
      <Filter>Headerdateien</Filter>
    </ClInclude>
    <ClInclude Include="source\var.h">
      <Filter>Headerdateien</Filter>
    </ClInclude>
    <ClInclude Include="source\window.h">
      <Filter>Headerdateien</Filter>
    </ClInclude>
    <ClInclude Include="source\WinGroup.h">
      <Filter>Headerdateien</Filter>
    </ClInclude>
    <ClInclude Include="source\lib_pcre\pcre\pcre.h">
      <Filter>Headerdateien</Filter>
    </ClInclude>
    <ClInclude Include="source\lib_pcre\pcre\pcret.h">
      <Filter>Headerdateien</Filter>
    </ClInclude>
    <ClInclude Include="AutoHotkey2_i.h">
      <Filter>Generierte Dateien</Filter>
    </ClInclude>
    <ClInclude Include="source\ntinternals.h">
      <Filter>Headerdateien</Filter>
    </ClInclude>
  </ItemGroup>
  <ItemGroup>
    <ClCompile Include="source\AutoHotkey2.cpp">
      <Filter>Quelldateien</Filter>
    </ClCompile>
    <ClCompile Include="source\COMServer.cpp">
      <Filter>Quelldateien</Filter>
    </ClCompile>
    <ClCompile Include="source\pch.cpp">
      <Filter>Quelldateien</Filter>
    </ClCompile>
    <ClCompile Include="source\xdlldata.c">
      <Filter>Quelldateien</Filter>
    </ClCompile>
    <ClCompile Include="source\application.cpp">
      <Filter>Quelldateien</Filter>
    </ClCompile>
    <ClCompile Include="source\clipboard.cpp">
      <Filter>Quelldateien</Filter>
    </ClCompile>
    <ClCompile Include="source\Debugger.cpp">
      <Filter>Quelldateien</Filter>
    </ClCompile>
    <ClCompile Include="source\dllmain.cpp">
      <Filter>Quelldateien</Filter>
    </ClCompile>
    <ClCompile Include="source\exports.cpp">
      <Filter>Quelldateien</Filter>
    </ClCompile>
    <ClCompile Include="source\globaldata.cpp">
      <Filter>Quelldateien</Filter>
    </ClCompile>
    <ClCompile Include="source\hook.cpp">
      <Filter>Quelldateien</Filter>
    </ClCompile>
    <ClCompile Include="source\hotkey.cpp">
      <Filter>Quelldateien</Filter>
    </ClCompile>
    <ClCompile Include="source\input_object.cpp">
      <Filter>Quelldateien</Filter>
    </ClCompile>
    <ClCompile Include="source\keyboard_mouse.cpp">
      <Filter>Quelldateien</Filter>
    </ClCompile>
    <ClCompile Include="source\LiteZip.cpp">
      <Filter>Quelldateien</Filter>
    </ClCompile>
    <ClCompile Include="source\lowlevelbif.cpp">
      <Filter>Quelldateien</Filter>
    </ClCompile>
    <ClCompile Include="source\MemoryModule.cpp">
      <Filter>Quelldateien</Filter>
    </ClCompile>
    <ClCompile Include="source\MinHook.cpp">
      <Filter>Quelldateien</Filter>
    </ClCompile>
    <ClCompile Include="source\os_version.cpp">
      <Filter>Quelldateien</Filter>
    </ClCompile>
    <ClCompile Include="source\script.cpp">
      <Filter>Quelldateien</Filter>
    </ClCompile>
    <ClCompile Include="source\script_autoit.cpp">
      <Filter>Quelldateien</Filter>
    </ClCompile>
    <ClCompile Include="source\script_com.cpp">
      <Filter>Quelldateien</Filter>
    </ClCompile>
    <ClCompile Include="source\script_expression.cpp">
      <Filter>Quelldateien</Filter>
    </ClCompile>
    <ClCompile Include="source\script_gui.cpp">
      <Filter>Quelldateien</Filter>
    </ClCompile>
    <ClCompile Include="source\script_menu.cpp">
      <Filter>Quelldateien</Filter>
    </ClCompile>
    <ClCompile Include="source\script_object.cpp">
      <Filter>Quelldateien</Filter>
    </ClCompile>
    <ClCompile Include="source\script_object_bif.cpp">
      <Filter>Quelldateien</Filter>
    </ClCompile>
    <ClCompile Include="source\script_registry.cpp">
      <Filter>Quelldateien</Filter>
    </ClCompile>
    <ClCompile Include="source\script_struct.cpp">
      <Filter>Quelldateien</Filter>
    </ClCompile>
    <ClCompile Include="source\script2.cpp">
      <Filter>Quelldateien</Filter>
    </ClCompile>
    <ClCompile Include="source\SimpleHeap.cpp">
      <Filter>Quelldateien</Filter>
    </ClCompile>
    <ClCompile Include="source\StringConv.cpp">
      <Filter>Quelldateien</Filter>
    </ClCompile>
    <ClCompile Include="source\TextIO.cpp">
      <Filter>Quelldateien</Filter>
    </ClCompile>
    <ClCompile Include="source\util.cpp">
      <Filter>Quelldateien</Filter>
    </ClCompile>
    <ClCompile Include="source\var.cpp">
      <Filter>Quelldateien</Filter>
    </ClCompile>
    <ClCompile Include="source\window.cpp">
      <Filter>Quelldateien</Filter>
    </ClCompile>
    <ClCompile Include="source\WinGroup.cpp">
      <Filter>Quelldateien</Filter>
    </ClCompile>
    <ClCompile Include="AutoHotkey2_i.c">
      <Filter>Generierte Dateien</Filter>
    </ClCompile>
  </ItemGroup>
  <ItemGroup>
    <ResourceCompile Include="source\resources\AutoHotkey2.rc">
      <Filter>Ressourcendateien</Filter>
    </ResourceCompile>
  </ItemGroup>
  <ItemGroup>
    <None Include="source\resources\AutoHotkey2.rgs">
      <Filter>Ressourcendateien</Filter>
    </None>
    <None Include="source\resources\COMServer.rgs">
      <Filter>Ressourcendateien</Filter>
    </None>
  </ItemGroup>
  <ItemGroup>
    <Midl Include="source\resources\AutoHotkey2.idl">
      <Filter>Quelldateien</Filter>
    </Midl>
  </ItemGroup>
  <ItemGroup>
    <Image Include="source\resources\icon_filetype.ico">
      <Filter>Ressourcendateien</Filter>
    </Image>
    <Image Include="source\resources\icon_filetype_small.ico">
      <Filter>Ressourcendateien</Filter>
    </Image>
    <Image Include="source\resources\icon_main.ico">
      <Filter>Ressourcendateien</Filter>
    </Image>
    <Image Include="source\resources\icon_pause.ico">
      <Filter>Ressourcendateien</Filter>
    </Image>
    <Image Include="source\resources\icon_pause_suspend.ico">
      <Filter>Ressourcendateien</Filter>
    </Image>
    <Image Include="source\resources\icon_suspend.ico">
      <Filter>Ressourcendateien</Filter>
    </Image>
  </ItemGroup>
  <ItemGroup>
    <CustomBuild Include="source\libx64call\x64call.asm">
      <Filter>Assembly Files</Filter>
    </CustomBuild>
    <CustomBuild Include="source\libx64call\x64stub.asm">
      <Filter>Assembly Files</Filter>
    </CustomBuild>
  </ItemGroup>
  <ItemGroup>
    <Manifest Include="source\resources\AutoHotkey.exe.manifest">
      <Filter>Ressourcendateien</Filter>
    </Manifest>
  </ItemGroup>
</Project>